<Solution>
  <Folder Name="/src/">
    <Project Path="src/Roster.Agents.Abstractions/Roster.Agents.Abstractions.csproj" />
    <Project Path="src/Roster.Agents.Library/Roster.Agents.Library.csproj" />
    <Project Path="src/Roster.Agents.Runtime/Roster.Agents.Runtime.csproj" />
    <Project Path="src/Roster.Api/Roster.Api.csproj" />
    <Project Path="src/Roster.ServiceDefaults/Roster.ServiceDefaults.csproj" />
  </Folder>
</Solution>
